
Microsoft Visual Studio Solution File, Format Version 12.00
# Visual Studio Version 17
VisualStudioVersion = 17.3.32901.215
MinimumVisualStudioVersion = 10.0.40219.1
Project("{FAE04EC0-301F-11D3-BF4B-00C04F79EFBC}") = "BookStore.API", "BookStore.API\BookStore.API.csproj", "{005F7EE7-C173-4465-9B17-818D328AFCAA}"
EndProject
Project("{FAE04EC0-301F-11D3-BF4B-00C04F79EFBC}") = "BookStore.Domin", "BookStore.Domin\BookStore.Domin.csproj", "{CD20153E-5724-4DCD-8C8E-39D36DE29A22}"
EndProject
Project("{FAE04EC0-301F-11D3-BF4B-00C04F79EFBC}") = "BookStore.Application", "BookStore.Application\BookStore.Application.csproj", "{BA647BDA-CDE3-4166-94B7-0AF5065449D0}"
EndProject
Project("{FAE04EC0-301F-11D3-BF4B-00C04F79EFBC}") = "BookStore.Infrastructrue", "BookStore.Infrastructrue\BookStore.Infrastructrue.csproj", "{FE52C8B5-7E87-49DA-BDAE-380D7D553350}"
EndProject
Global
	GlobalSection(SolutionConfigurationPlatforms) = preSolution
		Debug|Any CPU = Debug|Any CPU
		Release|Any CPU = Release|Any CPU
	EndGlobalSection
	GlobalSection(ProjectConfigurationPlatforms) = postSolution
		{005F7EE7-C173-4465-9B17-818D328AFCAA}.Debug|Any CPU.ActiveCfg = Debug|Any CPU
		{005F7EE7-C173-4465-9B17-818D328AFCAA}.Debug|Any CPU.Build.0 = Debug|Any CPU
		{005F7EE7-C173-4465-9B17-818D328AFCAA}.Release|Any CPU.ActiveCfg = Release|Any CPU
		{005F7EE7-C173-4465-9B17-818D328AFCAA}.Release|Any CPU.Build.0 = Release|Any CPU
		{CD20153E-5724-4DCD-8C8E-39D36DE29A22}.Debug|Any CPU.ActiveCfg = Debug|Any CPU
		{CD20153E-5724-4DCD-8C8E-39D36DE29A22}.Debug|Any CPU.Build.0 = Debug|Any CPU
		{CD20153E-5724-4DCD-8C8E-39D36DE29A22}.Release|Any CPU.ActiveCfg = Release|Any CPU
		{CD20153E-5724-4DCD-8C8E-39D36DE29A22}.Release|Any CPU.Build.0 = Release|Any CPU
		{BA647BDA-CDE3-4166-94B7-0AF5065449D0}.Debug|Any CPU.ActiveCfg = Debug|Any CPU
		{BA647BDA-CDE3-4166-94B7-0AF5065449D0}.Debug|Any CPU.Build.0 = Debug|Any CPU
		{BA647BDA-CDE3-4166-94B7-0AF5065449D0}.Release|Any CPU.ActiveCfg = Release|Any CPU
		{BA647BDA-CDE3-4166-94B7-0AF5065449D0}.Release|Any CPU.Build.0 = Release|Any CPU
		{FE52C8B5-7E87-49DA-BDAE-380D7D553350}.Debug|Any CPU.ActiveCfg = Debug|Any CPU
		{FE52C8B5-7E87-49DA-BDAE-380D7D553350}.Debug|Any CPU.Build.0 = Debug|Any CPU
		{FE52C8B5-7E87-49DA-BDAE-380D7D553350}.Release|Any CPU.ActiveCfg = Release|Any CPU
		{FE52C8B5-7E87-49DA-BDAE-380D7D553350}.Release|Any CPU.Build.0 = Release|Any CPU
	EndGlobalSection
	GlobalSection(SolutionProperties) = preSolution
		HideSolutionNode = FALSE
	EndGlobalSection
	GlobalSection(ExtensibilityGlobals) = postSolution
		SolutionGuid = {AE556FFD-973D-40D0-9B88-0CB6E539A5C2}
	EndGlobalSection
EndGlobal
